
Microsoft Visual Studio Solution File, Format Version 12.00
# Visual Studio Version 17
VisualStudioVersion = 17.11.35222.181
MinimumVisualStudioVersion = 10.0.40219.1
Project("{FAE04EC0-301F-11D3-BF4B-00C04F79EFBC}") = "Cine", "Cine\Cine.csproj", "{783AED27-803F-4899-8D89-AF87B5110EEC}"
EndProject
Global
	GlobalSection(SolutionConfigurationPlatforms) = preSolution
		Debug|Any CPU = Debug|Any CPU
		Release|Any CPU = Release|Any CPU
	EndGlobalSection
	GlobalSection(ProjectConfigurationPlatforms) = postSolution
		{783AED27-803F-4899-8D89-AF87B5110EEC}.Debug|Any CPU.ActiveCfg = Debug|Any CPU
		{783AED27-803F-4899-8D89-AF87B5110EEC}.Debug|Any CPU.Build.0 = Debug|Any CPU
		{783AED27-803F-4899-8D89-AF87B5110EEC}.Release|Any CPU.ActiveCfg = Release|Any CPU
		{783AED27-803F-4899-8D89-AF87B5110EEC}.Release|Any CPU.Build.0 = Release|Any CPU
	EndGlobalSection
	GlobalSection(SolutionProperties) = preSolution
		HideSolutionNode = FALSE
	EndGlobalSection
	GlobalSection(ExtensibilityGlobals) = postSolution
		SolutionGuid = {DBCA09D5-48AB-4D0D-9B7A-62261CF3908A}
	EndGlobalSection
EndGlobal
